
Microsoft Visual Studio Solution File, Format Version 12.00
# Visual Studio Version 17
VisualStudioVersion = 17.14.36202.13 d17.14
MinimumVisualStudioVersion = 10.0.40219.1
Project("{FAE04EC0-301F-11D3-BF4B-00C04F79EFBC}") = "ejercicio5ASPDOTNET", "ejercicio5ASPDOTNET\ejercicio5ASPDOTNET.csproj", "{F6098B7A-2CB9-4CA4-8523-BE5CDBA5E358}"
EndProject
Global
	GlobalSection(SolutionConfigurationPlatforms) = preSolution
		Debug|Any CPU = Debug|Any CPU
		Release|Any CPU = Release|Any CPU
	EndGlobalSection
	GlobalSection(ProjectConfigurationPlatforms) = postSolution
		{F6098B7A-2CB9-4CA4-8523-BE5CDBA5E358}.Debug|Any CPU.ActiveCfg = Debug|Any CPU
		{F6098B7A-2CB9-4CA4-8523-BE5CDBA5E358}.Debug|Any CPU.Build.0 = Debug|Any CPU
		{F6098B7A-2CB9-4CA4-8523-BE5CDBA5E358}.Release|Any CPU.ActiveCfg = Release|Any CPU
		{F6098B7A-2CB9-4CA4-8523-BE5CDBA5E358}.Release|Any CPU.Build.0 = Release|Any CPU
	EndGlobalSection
	GlobalSection(SolutionProperties) = preSolution
		HideSolutionNode = FALSE
	EndGlobalSection
	GlobalSection(ExtensibilityGlobals) = postSolution
		SolutionGuid = {3A274AD6-7369-4539-B897-08917D5309D2}
	EndGlobalSection
EndGlobal
